// !$*UTF8*$!
{
	archiveVersion = 1;
	classes = {
	};
	objectVersion = 46;
	objects = {

/* Begin PBXBuildFile section */
		23A73D171BE7B70E00846EF7 /* RulesViewController.swift in Sources */ = {isa = PBXBuildFile; fileRef = 23A73D161BE7B70E00846EF7 /* RulesViewController.swift */; settings = {ASSET_TAGS = (); }; };
		23A73D191BE7E0F900846EF7 /* LeaderboardViewController.swift in Sources */ = {isa = PBXBuildFile; fileRef = 23A73D181BE7E0F900846EF7 /* LeaderboardViewController.swift */; settings = {ASSET_TAGS = (); }; };
		23A73D1B1BE901C800846EF7 /* Rules.swift in Sources */ = {isa = PBXBuildFile; fileRef = 23A73D1A1BE901C800846EF7 /* Rules.swift */; settings = {ASSET_TAGS = (); }; };
		23A73D1D1BE988CD00846EF7 /* SetupGameViewController.swift in Sources */ = {isa = PBXBuildFile; fileRef = 23A73D1C1BE988CD00846EF7 /* SetupGameViewController.swift */; settings = {ASSET_TAGS = (); }; };
		23A73D1F1BE989A900846EF7 /* Player.swift in Sources */ = {isa = PBXBuildFile; fileRef = 23A73D1E1BE989A900846EF7 /* Player.swift */; settings = {ASSET_TAGS = (); }; };
		B363F52B1BE6CA9F00DB6358 /* AppDelegate.swift in Sources */ = {isa = PBXBuildFile; fileRef = B363F52A1BE6CA9F00DB6358 /* AppDelegate.swift */; };
		B363F5301BE6CA9F00DB6358 /* Main.storyboard in Resources */ = {isa = PBXBuildFile; fileRef = B363F52E1BE6CA9F00DB6358 /* Main.storyboard */; };
		B363F5321BE6CA9F00DB6358 /* Assets.xcassets in Resources */ = {isa = PBXBuildFile; fileRef = B363F5311BE6CA9F00DB6358 /* Assets.xcassets */; };
		B363F5351BE6CA9F00DB6358 /* LaunchScreen.storyboard in Resources */ = {isa = PBXBuildFile; fileRef = B363F5331BE6CA9F00DB6358 /* LaunchScreen.storyboard */; };
		B363F5401BE6CAA000DB6358 /* Frisbee_in_the_DTests.swift in Sources */ = {isa = PBXBuildFile; fileRef = B363F53F1BE6CAA000DB6358 /* Frisbee_in_the_DTests.swift */; };
		B363F54B1BE6CAA000DB6358 /* Frisbee_in_the_DUITests.swift in Sources */ = {isa = PBXBuildFile; fileRef = B363F54A1BE6CAA000DB6358 /* Frisbee_in_the_DUITests.swift */; };
		B363F5591BE6E5A200DB6358 /* CourseMapViewController.swift in Sources */ = {isa = PBXBuildFile; fileRef = B363F5581BE6E5A200DB6358 /* CourseMapViewController.swift */; settings = {ASSET_TAGS = (); }; };
		B363F55B1BE6E5B100DB6358 /* CurrentHoleViewController.swift in Sources */ = {isa = PBXBuildFile; fileRef = B363F55A1BE6E5B100DB6358 /* CurrentHoleViewController.swift */; settings = {ASSET_TAGS = (); }; };
		B363F55E1BE6EBB700DB6358 /* Hole.swift in Sources */ = {isa = PBXBuildFile; fileRef = B363F55D1BE6EBB700DB6358 /* Hole.swift */; settings = {ASSET_TAGS = (); }; };
		B363F5611BE6F27F00DB6358 /* Course.swift in Sources */ = {isa = PBXBuildFile; fileRef = B363F5601BE6F27F00DB6358 /* Course.swift */; settings = {ASSET_TAGS = (); }; };
/* End PBXBuildFile section */

/* Begin PBXContainerItemProxy section */
		B363F53C1BE6CAA000DB6358 /* PBXContainerItemProxy */ = {
			isa = PBXContainerItemProxy;
			containerPortal = B363F51F1BE6CA9F00DB6358 /* Project object */;
			proxyType = 1;
			remoteGlobalIDString = B363F5261BE6CA9F00DB6358;
			remoteInfo = "Frisbee-in-the-D";
		};
		B363F5471BE6CAA000DB6358 /* PBXContainerItemProxy */ = {
			isa = PBXContainerItemProxy;
			containerPortal = B363F51F1BE6CA9F00DB6358 /* Project object */;
			proxyType = 1;
			remoteGlobalIDString = B363F5261BE6CA9F00DB6358;
			remoteInfo = "Frisbee-in-the-D";
		};
/* End PBXContainerItemProxy section */

/* Begin PBXFileReference section */
		23A73D161BE7B70E00846EF7 /* RulesViewController.swift */ = {isa = PBXFileReference; fileEncoding = 4; lastKnownFileType = sourcecode.swift; path = RulesViewController.swift; sourceTree = "<group>"; };
		23A73D181BE7E0F900846EF7 /* LeaderboardViewController.swift */ = {isa = PBXFileReference; fileEncoding = 4; lastKnownFileType = sourcecode.swift; path = LeaderboardViewController.swift; sourceTree = "<group>"; };
		23A73D1A1BE901C800846EF7 /* Rules.swift */ = {isa = PBXFileReference; fileEncoding = 4; lastKnownFileType = sourcecode.swift; path = Rules.swift; sourceTree = "<group>"; };
		23A73D1C1BE988CD00846EF7 /* SetupGameViewController.swift */ = {isa = PBXFileReference; fileEncoding = 4; lastKnownFileType = sourcecode.swift; path = SetupGameViewController.swift; sourceTree = "<group>"; };
		23A73D1E1BE989A900846EF7 /* Player.swift */ = {isa = PBXFileReference; fileEncoding = 4; lastKnownFileType = sourcecode.swift; path = Player.swift; sourceTree = "<group>"; };
		B363F5271BE6CA9F00DB6358 /* Frisbee-in-the-D.app */ = {isa = PBXFileReference; explicitFileType = wrapper.application; includeInIndex = 0; path = "Frisbee-in-the-D.app"; sourceTree = BUILT_PRODUCTS_DIR; };
		B363F52A1BE6CA9F00DB6358 /* AppDelegate.swift */ = {isa = PBXFileReference; lastKnownFileType = sourcecode.swift; path = AppDelegate.swift; sourceTree = "<group>"; };
		B363F52F1BE6CA9F00DB6358 /* Base */ = {isa = PBXFileReference; lastKnownFileType = file.storyboard; name = Base; path = Base.lproj/Main.storyboard; sourceTree = "<group>"; };
		B363F5311BE6CA9F00DB6358 /* Assets.xcassets */ = {isa = PBXFileReference; lastKnownFileType = folder.assetcatalog; path = Assets.xcassets; sourceTree = "<group>"; };
		B363F5341BE6CA9F00DB6358 /* Base */ = {isa = PBXFileReference; lastKnownFileType = file.storyboard; name = Base; path = Base.lproj/LaunchScreen.storyboard; sourceTree = "<group>"; };
		B363F5361BE6CA9F00DB6358 /* Info.plist */ = {isa = PBXFileReference; lastKnownFileType = text.plist.xml; path = Info.plist; sourceTree = "<group>"; };
		B363F53B1BE6CAA000DB6358 /* Frisbee-in-the-DTests.xctest */ = {isa = PBXFileReference; explicitFileType = wrapper.cfbundle; includeInIndex = 0; path = "Frisbee-in-the-DTests.xctest"; sourceTree = BUILT_PRODUCTS_DIR; };
		B363F53F1BE6CAA000DB6358 /* Frisbee_in_the_DTests.swift */ = {isa = PBXFileReference; lastKnownFileType = sourcecode.swift; path = Frisbee_in_the_DTests.swift; sourceTree = "<group>"; };
		B363F5411BE6CAA000DB6358 /* Info.plist */ = {isa = PBXFileReference; lastKnownFileType = text.plist.xml; path = Info.plist; sourceTree = "<group>"; };
		B363F5461BE6CAA000DB6358 /* Frisbee-in-the-DUITests.xctest */ = {isa = PBXFileReference; explicitFileType = wrapper.cfbundle; includeInIndex = 0; path = "Frisbee-in-the-DUITests.xctest"; sourceTree = BUILT_PRODUCTS_DIR; };
		B363F54A1BE6CAA000DB6358 /* Frisbee_in_the_DUITests.swift */ = {isa = PBXFileReference; lastKnownFileType = sourcecode.swift; path = Frisbee_in_the_DUITests.swift; sourceTree = "<group>"; };
		B363F54C1BE6CAA000DB6358 /* Info.plist */ = {isa = PBXFileReference; lastKnownFileType = text.plist.xml; path = Info.plist; sourceTree = "<group>"; };
		B363F5581BE6E5A200DB6358 /* CourseMapViewController.swift */ = {isa = PBXFileReference; fileEncoding = 4; lastKnownFileType = sourcecode.swift; path = CourseMapViewController.swift; sourceTree = "<group>"; };
		B363F55A1BE6E5B100DB6358 /* CurrentHoleViewController.swift */ = {isa = PBXFileReference; fileEncoding = 4; lastKnownFileType = sourcecode.swift; path = CurrentHoleViewController.swift; sourceTree = "<group>"; };
		B363F55D1BE6EBB700DB6358 /* Hole.swift */ = {isa = PBXFileReference; fileEncoding = 4; lastKnownFileType = sourcecode.swift; path = Hole.swift; sourceTree = "<group>"; };
		B363F5601BE6F27F00DB6358 /* Course.swift */ = {isa = PBXFileReference; fileEncoding = 4; lastKnownFileType = sourcecode.swift; path = Course.swift; sourceTree = "<group>"; };
/* End PBXFileReference section */

/* Begin PBXFrameworksBuildPhase section */
		B363F5241BE6CA9F00DB6358 /* Frameworks */ = {
			isa = PBXFrameworksBuildPhase;
			buildActionMask = 2147483647;
			files = (
			);
			runOnlyForDeploymentPostprocessing = 0;
		};
		B363F5381BE6CAA000DB6358 /* Frameworks */ = {
			isa = PBXFrameworksBuildPhase;
			buildActionMask = 2147483647;
			files = (
			);
			runOnlyForDeploymentPostprocessing = 0;
		};
		B363F5431BE6CAA000DB6358 /* Frameworks */ = {
			isa = PBXFrameworksBuildPhase;
			buildActionMask = 2147483647;
			files = (
			);
			runOnlyForDeploymentPostprocessing = 0;
		};
/* End PBXFrameworksBuildPhase section */

/* Begin PBXGroup section */
		B363F51E1BE6CA9F00DB6358 = {
			isa = PBXGroup;
			children = (
				B363F5291BE6CA9F00DB6358 /* Frisbee-in-the-D */,
				B363F53E1BE6CAA000DB6358 /* Frisbee-in-the-DTests */,
				B363F5491BE6CAA000DB6358 /* Frisbee-in-the-DUITests */,
				B363F5281BE6CA9F00DB6358 /* Products */,
			);
			sourceTree = "<group>";
		};
		B363F5281BE6CA9F00DB6358 /* Products */ = {
			isa = PBXGroup;
			children = (
				B363F5271BE6CA9F00DB6358 /* Frisbee-in-the-D.app */,
				B363F53B1BE6CAA000DB6358 /* Frisbee-in-the-DTests.xctest */,
				B363F5461BE6CAA000DB6358 /* Frisbee-in-the-DUITests.xctest */,
			);
			name = Products;
			sourceTree = "<group>";
		};
		B363F5291BE6CA9F00DB6358 /* Frisbee-in-the-D */ = {
			isa = PBXGroup;
			children = (
				B363F52A1BE6CA9F00DB6358 /* AppDelegate.swift */,
				B363F52E1BE6CA9F00DB6358 /* Main.storyboard */,
				B363F55F1BE6EBBE00DB6358 /* Model */,
				B363F55C1BE6EB9C00DB6358 /* Controllers */,
				B363F5311BE6CA9F00DB6358 /* Assets.xcassets */,
				B363F5331BE6CA9F00DB6358 /* LaunchScreen.storyboard */,
				B363F5361BE6CA9F00DB6358 /* Info.plist */,
			);
			path = "Frisbee-in-the-D";
			sourceTree = "<group>";
		};
		B363F53E1BE6CAA000DB6358 /* Frisbee-in-the-DTests */ = {
			isa = PBXGroup;
			children = (
				B363F53F1BE6CAA000DB6358 /* Frisbee_in_the_DTests.swift */,
				B363F5411BE6CAA000DB6358 /* Info.plist */,
			);
			path = "Frisbee-in-the-DTests";
			sourceTree = "<group>";
		};
		B363F5491BE6CAA000DB6358 /* Frisbee-in-the-DUITests */ = {
			isa = PBXGroup;
			children = (
				B363F54A1BE6CAA000DB6358 /* Frisbee_in_the_DUITests.swift */,
				B363F54C1BE6CAA000DB6358 /* Info.plist */,
			);
			path = "Frisbee-in-the-DUITests";
			sourceTree = "<group>";
		};
		B363F55C1BE6EB9C00DB6358 /* Controllers */ = {
			isa = PBXGroup;
			children = (
				B363F55A1BE6E5B100DB6358 /* CurrentHoleViewController.swift */,
				B363F5581BE6E5A200DB6358 /* CourseMapViewController.swift */,
				23A73D161BE7B70E00846EF7 /* RulesViewController.swift */,
				23A73D181BE7E0F900846EF7 /* LeaderboardViewController.swift */,
				23A73D1C1BE988CD00846EF7 /* SetupGameViewController.swift */,
			);
			name = Controllers;
			sourceTree = "<group>";
		};
		B363F55F1BE6EBBE00DB6358 /* Model */ = {
			isa = PBXGroup;
			children = (
				B363F55D1BE6EBB700DB6358 /* Hole.swift */,
				B363F5601BE6F27F00DB6358 /* Course.swift */,
				23A73D1A1BE901C800846EF7 /* Rules.swift */,
				23A73D1E1BE989A900846EF7 /* Player.swift */,
			);
			name = Model;
			sourceTree = "<group>";
		};
/* End PBXGroup section */

/* Begin PBXNativeTarget section */
		B363F5261BE6CA9F00DB6358 /* Frisbee-in-the-D */ = {
			isa = PBXNativeTarget;
			buildConfigurationList = B363F54F1BE6CAA000DB6358 /* Build configuration list for PBXNativeTarget "Frisbee-in-the-D" */;
			buildPhases = (
				B363F5231BE6CA9F00DB6358 /* Sources */,
				B363F5241BE6CA9F00DB6358 /* Frameworks */,
				B363F5251BE6CA9F00DB6358 /* Resources */,
			);
			buildRules = (
			);
			dependencies = (
			);
			name = "Frisbee-in-the-D";
			productName = "Frisbee-in-the-D";
			productReference = B363F5271BE6CA9F00DB6358 /* Frisbee-in-the-D.app */;
			productType = "com.apple.product-type.application";
		};
		B363F53A1BE6CAA000DB6358 /* Frisbee-in-the-DTests */ = {
			isa = PBXNativeTarget;
			buildConfigurationList = B363F5521BE6CAA000DB6358 /* Build configuration list for PBXNativeTarget "Frisbee-in-the-DTests" */;
			buildPhases = (
				B363F5371BE6CAA000DB6358 /* Sources */,
				B363F5381BE6CAA000DB6358 /* Frameworks */,
				B363F5391BE6CAA000DB6358 /* Resources */,
			);
			buildRules = (
			);
			dependencies = (
				B363F53D1BE6CAA000DB6358 /* PBXTargetDependency */,
			);
			name = "Frisbee-in-the-DTests";
			productName = "Frisbee-in-the-DTests";
			productReference = B363F53B1BE6CAA000DB6358 /* Frisbee-in-the-DTests.xctest */;
			productType = "com.apple.product-type.bundle.unit-test";
		};
		B363F5451BE6CAA000DB6358 /* Frisbee-in-the-DUITests */ = {
			isa = PBXNativeTarget;
			buildConfigurationList = B363F5551BE6CAA000DB6358 /* Build configuration list for PBXNativeTarget "Frisbee-in-the-DUITests" */;
			buildPhases = (
				B363F5421BE6CAA000DB6358 /* Sources */,
				B363F5431BE6CAA000DB6358 /* Frameworks */,
				B363F5441BE6CAA000DB6358 /* Resources */,
			);
			buildRules = (
			);
			dependencies = (
				B363F5481BE6CAA000DB6358 /* PBXTargetDependency */,
			);
			name = "Frisbee-in-the-DUITests";
			productName = "Frisbee-in-the-DUITests";
			productReference = B363F5461BE6CAA000DB6358 /* Frisbee-in-the-DUITests.xctest */;
			productType = "com.apple.product-type.bundle.ui-testing";
		};
/* End PBXNativeTarget section */

/* Begin PBXProject section */
		B363F51F1BE6CA9F00DB6358 /* Project object */ = {
			isa = PBXProject;
			attributes = {
				LastUpgradeCheck = 0700;
				ORGANIZATIONNAME = "George Royce";
				TargetAttributes = {
					B363F5261BE6CA9F00DB6358 = {
						CreatedOnToolsVersion = 7.0;
					};
					B363F53A1BE6CAA000DB6358 = {
						CreatedOnToolsVersion = 7.0;
						TestTargetID = B363F5261BE6CA9F00DB6358;
					};
					B363F5451BE6CAA000DB6358 = {
						CreatedOnToolsVersion = 7.0;
						TestTargetID = B363F5261BE6CA9F00DB6358;
					};
				};
			};
			buildConfigurationList = B363F5221BE6CA9F00DB6358 /* Build configuration list for PBXProject "Frisbee-in-the-D" */;
			compatibilityVersion = "Xcode 3.2";
			developmentRegion = English;
			hasScannedForEncodings = 0;
			knownRegions = (
				en,
				Base,
			);
			mainGroup = B363F51E1BE6CA9F00DB6358;
			productRefGroup = B363F5281BE6CA9F00DB6358 /* Products */;
			projectDirPath = "";
			projectRoot = "";
			targets = (
				B363F5261BE6CA9F00DB6358 /* Frisbee-in-the-D */,
				B363F53A1BE6CAA000DB6358 /* Frisbee-in-the-DTests */,
				B363F5451BE6CAA000DB6358 /* Frisbee-in-the-DUITests */,
			);
		};
/* End PBXProject section */

/* Begin PBXResourcesBuildPhase section */
		B363F5251BE6CA9F00DB6358 /* Resources */ = {
			isa = PBXResourcesBuildPhase;
			buildActionMask = 2147483647;
			files = (
				B363F5351BE6CA9F00DB6358 /* LaunchScreen.storyboard in Resources */,
				B363F5321BE6CA9F00DB6358 /* Assets.xcassets in Resources */,
				B363F5301BE6CA9F00DB6358 /* Main.storyboard in Resources */,
			);
			runOnlyForDeploymentPostprocessing = 0;
		};
		B363F5391BE6CAA000DB6358 /* Resources */ = {
			isa = PBXResourcesBuildPhase;
			buildActionMask = 2147483647;
			files = (
			);
			runOnlyForDeploymentPostprocessing = 0;
		};
		B363F5441BE6CAA000DB6358 /* Resources */ = {
			isa = PBXResourcesBuildPhase;
			buildActionMask = 2147483647;
			files = (
			);
			runOnlyForDeploymentPostprocessing = 0;
		};
/* End PBXResourcesBuildPhase section */

/* Begin PBXSourcesBuildPhase section */
		B363F5231BE6CA9F00DB6358 /* Sources */ = {
			isa = PBXSourcesBuildPhase;
			buildActionMask = 2147483647;
			files = (
				23A73D191BE7E0F900846EF7 /* LeaderboardViewController.swift in Sources */,
				23A73D1B1BE901C800846EF7 /* Rules.swift in Sources */,
				B363F55B1BE6E5B100DB6358 /* CurrentHoleViewController.swift in Sources */,
				B363F55E1BE6EBB700DB6358 /* Hole.swift in Sources */,
				B363F5611BE6F27F00DB6358 /* Course.swift in Sources */,
				23A73D1D1BE988CD00846EF7 /* SetupGameViewController.swift in Sources */,
				B363F5591BE6E5A200DB6358 /* CourseMapViewController.swift in Sources */,
				23A73D171BE7B70E00846EF7 /* RulesViewController.swift in Sources */,
				23A73D1F1BE989A900846EF7 /* Player.swift in Sources */,
				B363F52B1BE6CA9F00DB6358 /* AppDelegate.swift in Sources */,
			);
			runOnlyForDeploymentPostprocessing = 0;
		};
		B363F5371BE6CAA000DB6358 /* Sources */ = {
			isa = PBXSourcesBuildPhase;
			buildActionMask = 2147483647;
			files = (
				B363F5401BE6CAA000DB6358 /* Frisbee_in_the_DTests.swift in Sources */,
			);
			runOnlyForDeploymentPostprocessing = 0;
		};
		B363F5421BE6CAA000DB6358 /* Sources */ = {
			isa = PBXSourcesBuildPhase;
			buildActionMask = 2147483647;
			files = (
				B363F54B1BE6CAA000DB6358 /* Frisbee_in_the_DUITests.swift in Sources */,
			);
			runOnlyForDeploymentPostprocessing = 0;
		};
/* End PBXSourcesBuildPhase section */

/* Begin PBXTargetDependency section */
		B363F53D1BE6CAA000DB6358 /* PBXTargetDependency */ = {
			isa = PBXTargetDependency;
			target = B363F5261BE6CA9F00DB6358 /* Frisbee-in-the-D */;
			targetProxy = B363F53C1BE6CAA000DB6358 /* PBXContainerItemProxy */;
		};
		B363F5481BE6CAA000DB6358 /* PBXTargetDependency */ = {
			isa = PBXTargetDependency;
			target = B363F5261BE6CA9F00DB6358 /* Frisbee-in-the-D */;
			targetProxy = B363F5471BE6CAA000DB6358 /* PBXContainerItemProxy */;
		};
/* End PBXTargetDependency section */

/* Begin PBXVariantGroup section */
		B363F52E1BE6CA9F00DB6358 /* Main.storyboard */ = {
			isa = PBXVariantGroup;
			children = (
				B363F52F1BE6CA9F00DB6358 /* Base */,
			);
			name = Main.storyboard;
			sourceTree = "<group>";
		};
		B363F5331BE6CA9F00DB6358 /* LaunchScreen.storyboard */ = {
			isa = PBXVariantGroup;
			children = (
				B363F5341BE6CA9F00DB6358 /* Base */,
			);
			name = LaunchScreen.storyboard;
			sourceTree = "<group>";
		};
/* End PBXVariantGroup section */

/* Begin XCBuildConfiguration section */
		B363F54D1BE6CAA000DB6358 /* Debug */ = {
			isa = XCBuildConfiguration;
			buildSettings = {
				ALWAYS_SEARCH_USER_PATHS = NO;
				CLANG_CXX_LANGUAGE_STANDARD = "gnu++0x";
				CLANG_CXX_LIBRARY = "libc++";
				CLANG_ENABLE_MODULES = YES;
				CLANG_ENABLE_OBJC_ARC = YES;
				CLANG_WARN_BOOL_CONVERSION = YES;
				CLANG_WARN_CONSTANT_CONVERSION = YES;
				CLANG_WARN_DIRECT_OBJC_ISA_USAGE = YES_ERROR;
				CLANG_WARN_EMPTY_BODY = YES;
				CLANG_WARN_ENUM_CONVERSION = YES;
				CLANG_WARN_INT_CONVERSION = YES;
				CLANG_WARN_OBJC_ROOT_CLASS = YES_ERROR;
				CLANG_WARN_UNREACHABLE_CODE = YES;
				CLANG_WARN__DUPLICATE_METHOD_MATCH = YES;
				"CODE_SIGN_IDENTITY[sdk=iphoneos*]" = "iPhone Developer";
				COPY_PHASE_STRIP = NO;
				DEBUG_INFORMATION_FORMAT = dwarf;
				ENABLE_STRICT_OBJC_MSGSEND = YES;
				ENABLE_TESTABILITY = YES;
				GCC_C_LANGUAGE_STANDARD = gnu99;
				GCC_DYNAMIC_NO_PIC = NO;
				GCC_NO_COMMON_BLOCKS = YES;
				GCC_OPTIMIZATION_LEVEL = 0;
				GCC_PREPROCESSOR_DEFINITIONS = (
					"DEBUG=1",
					"$(inherited)",
				);
				GCC_WARN_64_TO_32_BIT_CONVERSION = YES;
				GCC_WARN_ABOUT_RETURN_TYPE = YES_ERROR;
				GCC_WARN_UNDECLARED_SELECTOR = YES;
				GCC_WARN_UNINITIALIZED_AUTOS = YES_AGGRESSIVE;
				GCC_WARN_UNUSED_FUNCTION = YES;
				GCC_WARN_UNUSED_VARIABLE = YES;
				IPHONEOS_DEPLOYMENT_TARGET = 9.0;
				MTL_ENABLE_DEBUG_INFO = YES;
				ONLY_ACTIVE_ARCH = YES;
				SDKROOT = iphoneos;
				SWIFT_OPTIMIZATION_LEVEL = "-Onone";
			};
			name = Debug;
		};
		B363F54E1BE6CAA000DB6358 /* Release */ = {
			isa = XCBuildConfiguration;
			buildSettings = {
				ALWAYS_SEARCH_USER_PATHS = NO;
				CLANG_CXX_LANGUAGE_STANDARD = "gnu++0x";
				CLANG_CXX_LIBRARY = "libc++";
				CLANG_ENABLE_MODULES = YES;
				CLANG_ENABLE_OBJC_ARC = YES;
				CLANG_WARN_BOOL_CONVERSION = YES;
				CLANG_WARN_CONSTANT_CONVERSION = YES;
				CLANG_WARN_DIRECT_OBJC_ISA_USAGE = YES_ERROR;
				CLANG_WARN_EMPTY_BODY = YES;
				CLANG_WARN_ENUM_CONVERSION = YES;
				CLANG_WARN_INT_CONVERSION = YES;
				CLANG_WARN_OBJC_ROOT_CLASS = YES_ERROR;
				CLANG_WARN_UNREACHABLE_CODE = YES;
				CLANG_WARN__DUPLICATE_METHOD_MATCH = YES;
				"CODE_SIGN_IDENTITY[sdk=iphoneos*]" = "iPhone Developer";
				COPY_PHASE_STRIP = NO;
				DEBUG_INFORMATION_FORMAT = "dwarf-with-dsym";
				ENABLE_NS_ASSERTIONS = NO;
				ENABLE_STRICT_OBJC_MSGSEND = YES;
				GCC_C_LANGUAGE_STANDARD = gnu99;
				GCC_NO_COMMON_BLOCKS = YES;
				GCC_WARN_64_TO_32_BIT_CONVERSION = YES;
				GCC_WARN_ABOUT_RETURN_TYPE = YES_ERROR;
				GCC_WARN_UNDECLARED_SELECTOR = YES;
				GCC_WARN_UNINITIALIZED_AUTOS = YES_AGGRESSIVE;
				GCC_WARN_UNUSED_FUNCTION = YES;
				GCC_WARN_UNUSED_VARIABLE = YES;
				IPHONEOS_DEPLOYMENT_TARGET = 9.0;
				MTL_ENABLE_DEBUG_INFO = NO;
				SDKROOT = iphoneos;
				VALIDATE_PRODUCT = YES;
			};
			name = Release;
		};
		B363F5501BE6CAA000DB6358 /* Debug */ = {
			isa = XCBuildConfiguration;
			buildSettings = {
				ASSETCATALOG_COMPILER_APPICON_NAME = AppIcon;
				INFOPLIST_FILE = "Frisbee-in-the-D/Info.plist";
				LD_RUNPATH_SEARCH_PATHS = "$(inherited) @executable_path/Frameworks";
				PRODUCT_BUNDLE_IDENTIFIER = "com.George-Royce.Frisbee-in-the-D";
				PRODUCT_NAME = "$(TARGET_NAME)";
			};
			name = Debug;
		};
		B363F5511BE6CAA000DB6358 /* Release */ = {
			isa = XCBuildConfiguration;
			buildSettings = {
				ASSETCATALOG_COMPILER_APPICON_NAME = AppIcon;
				INFOPLIST_FILE = "Frisbee-in-the-D/Info.plist";
				LD_RUNPATH_SEARCH_PATHS = "$(inherited) @executable_path/Frameworks";
				PRODUCT_BUNDLE_IDENTIFIER = "com.George-Royce.Frisbee-in-the-D";
				PRODUCT_NAME = "$(TARGET_NAME)";
			};
			name = Release;
		};
		B363F5531BE6CAA000DB6358 /* Debug */ = {
			isa = XCBuildConfiguration;
			buildSettings = {
				BUNDLE_LOADER = "$(TEST_HOST)";
				INFOPLIST_FILE = "Frisbee-in-the-DTests/Info.plist";
				LD_RUNPATH_SEARCH_PATHS = "$(inherited) @executable_path/Frameworks @loader_path/Frameworks";
				PRODUCT_BUNDLE_IDENTIFIER = "com.George-Royce.Frisbee-in-the-DTests";
				PRODUCT_NAME = "$(TARGET_NAME)";
				TEST_HOST = "$(BUILT_PRODUCTS_DIR)/Frisbee-in-the-D.app/Frisbee-in-the-D";
			};
			name = Debug;
		};
		B363F5541BE6CAA000DB6358 /* Release */ = {
			isa = XCBuildConfiguration;
			buildSettings = {
				BUNDLE_LOADER = "$(TEST_HOST)";
				INFOPLIST_FILE = "Frisbee-in-the-DTests/Info.plist";
				LD_RUNPATH_SEARCH_PATHS = "$(inherited) @executable_path/Frameworks @loader_path/Frameworks";
				PRODUCT_BUNDLE_IDENTIFIER = "com.George-Royce.Frisbee-in-the-DTests";
				PRODUCT_NAME = "$(TARGET_NAME)";
				TEST_HOST = "$(BUILT_PRODUCTS_DIR)/Frisbee-in-the-D.app/Frisbee-in-the-D";
			};
			name = Release;
		};
		B363F5561BE6CAA000DB6358 /* Debug */ = {
			isa = XCBuildConfiguration;
			buildSettings = {
				INFOPLIST_FILE = "Frisbee-in-the-DUITests/Info.plist";
				LD_RUNPATH_SEARCH_PATHS = "$(inherited) @executable_path/Frameworks @loader_path/Frameworks";
				PRODUCT_BUNDLE_IDENTIFIER = "com.George-Royce.Frisbee-in-the-DUITests";
				PRODUCT_NAME = "$(TARGET_NAME)";
				TEST_TARGET_NAME = "Frisbee-in-the-D";
				USES_XCTRUNNER = YES;
			};
			name = Debug;
		};
		B363F5571BE6CAA000DB6358 /* Release */ = {
			isa = XCBuildConfiguration;
			buildSettings = {
				INFOPLIST_FILE = "Frisbee-in-the-DUITests/Info.plist";
				LD_RUNPATH_SEARCH_PATHS = "$(inherited) @executable_path/Frameworks @loader_path/Frameworks";
				PRODUCT_BUNDLE_IDENTIFIER = "com.George-Royce.Frisbee-in-the-DUITests";
				PRODUCT_NAME = "$(TARGET_NAME)";
				TEST_TARGET_NAME = "Frisbee-in-the-D";
				USES_XCTRUNNER = YES;
			};
			name = Release;
		};
/* End XCBuildConfiguration section */

/* Begin XCConfigurationList section */
		B363F5221BE6CA9F00DB6358 /* Build configuration list for PBXProject "Frisbee-in-the-D" */ = {
			isa = XCConfigurationList;
			buildConfigurations = (
				B363F54D1BE6CAA000DB6358 /* Debug */,
				B363F54E1BE6CAA000DB6358 /* Release */,
			);
			defaultConfigurationIsVisible = 0;
			defaultConfigurationName = Release;
		};
		B363F54F1BE6CAA000DB6358 /* Build configuration list for PBXNativeTarget "Frisbee-in-the-D" */ = {
			isa = XCConfigurationList;
			buildConfigurations = (
				B363F5501BE6CAA000DB6358 /* Debug */,
				B363F5511BE6CAA000DB6358 /* Release */,
			);
			defaultConfigurationIsVisible = 0;
			defaultConfigurationName = Release;
		};
		B363F5521BE6CAA000DB6358 /* Build configuration list for PBXNativeTarget "Frisbee-in-the-DTests" */ = {
			isa = XCConfigurationList;
			buildConfigurations = (
				B363F5531BE6CAA000DB6358 /* Debug */,
				B363F5541BE6CAA000DB6358 /* Release */,
			);
			defaultConfigurationIsVisible = 0;
			defaultConfigurationName = Release;
		};
		B363F5551BE6CAA000DB6358 /* Build configuration list for PBXNativeTarget "Frisbee-in-the-DUITests" */ = {
			isa = XCConfigurationList;
			buildConfigurations = (
				B363F5561BE6CAA000DB6358 /* Debug */,
				B363F5571BE6CAA000DB6358 /* Release */,
			);
			defaultConfigurationIsVisible = 0;
			defaultConfigurationName = Release;
		};
/* End XCConfigurationList section */
	};
	rootObject = B363F51F1BE6CA9F00DB6358 /* Project object */;
}
